
Microsoft Visual Studio Solution File, Format Version 12.00
# Visual Studio Version 16
VisualStudioVersion = 16.0.31313.79
MinimumVisualStudioVersion = 10.0.40219.1
Project("{FAE04EC0-301F-11D3-BF4B-00C04F79EFBC}") = "PersonnelManagement", "PersonnelManagement\PersonnelManagement.csproj", "{106363EF-A48C-4965-868F-6FED60840C01}"
EndProject
Global
	GlobalSection(SolutionConfigurationPlatforms) = preSolution
		Debug|Any CPU = Debug|Any CPU
		Release|Any CPU = Release|Any CPU
	EndGlobalSection
	GlobalSection(ProjectConfigurationPlatforms) = postSolution
		{106363EF-A48C-4965-868F-6FED60840C01}.Debug|Any CPU.ActiveCfg = Debug|Any CPU
		{106363EF-A48C-4965-868F-6FED60840C01}.Debug|Any CPU.Build.0 = Debug|Any CPU
		{106363EF-A48C-4965-868F-6FED60840C01}.Release|Any CPU.ActiveCfg = Release|Any CPU
		{106363EF-A48C-4965-868F-6FED60840C01}.Release|Any CPU.Build.0 = Release|Any CPU
	EndGlobalSection
	GlobalSection(SolutionProperties) = preSolution
		HideSolutionNode = FALSE
	EndGlobalSection
	GlobalSection(ExtensibilityGlobals) = postSolution
		SolutionGuid = {02BCB0C1-D0ED-43D8-8F69-BE5316FF13C7}
	EndGlobalSection
EndGlobal
